
Microsoft Visual Studio Solution File, Format Version 12.00
# Visual Studio Version 16
VisualStudioVersion = 16.0.28922.388
MinimumVisualStudioVersion = 10.0.40219.1
Project("{FAE04EC0-301F-11D3-BF4B-00C04F79EFBC}") = "ConsolPrj1", "ConsolPrj1\ConsolPrj1.csproj", "{D22BF9F3-A6E9-4C93-8D46-E923A592A850}"
EndProject
Project("{FAE04EC0-301F-11D3-BF4B-00C04F79EFBC}") = "ConsolePrj2", "..\FirstSln\ConsolePrj2\ConsolePrj2.csproj", "{F855BFCB-C189-4A58-8DEB-E864E6F25359}"
EndProject
Project("{FAE04EC0-301F-11D3-BF4B-00C04F79EFBC}") = "LibPrj3", "..\FirstSln\LibPrj3\LibPrj3.csproj", "{3BF443E9-3DE1-4E9D-A167-72DC11AD7965}"
EndProject
Global
	GlobalSection(SolutionConfigurationPlatforms) = preSolution
		Debug|Any CPU = Debug|Any CPU
		Release|Any CPU = Release|Any CPU
	EndGlobalSection
	GlobalSection(ProjectConfigurationPlatforms) = postSolution
		{D22BF9F3-A6E9-4C93-8D46-E923A592A850}.Debug|Any CPU.ActiveCfg = Debug|Any CPU
		{D22BF9F3-A6E9-4C93-8D46-E923A592A850}.Debug|Any CPU.Build.0 = Debug|Any CPU
		{D22BF9F3-A6E9-4C93-8D46-E923A592A850}.Release|Any CPU.ActiveCfg = Release|Any CPU
		{D22BF9F3-A6E9-4C93-8D46-E923A592A850}.Release|Any CPU.Build.0 = Release|Any CPU
		{F855BFCB-C189-4A58-8DEB-E864E6F25359}.Debug|Any CPU.ActiveCfg = Debug|Any CPU
		{F855BFCB-C189-4A58-8DEB-E864E6F25359}.Debug|Any CPU.Build.0 = Debug|Any CPU
		{F855BFCB-C189-4A58-8DEB-E864E6F25359}.Release|Any CPU.ActiveCfg = Release|Any CPU
		{F855BFCB-C189-4A58-8DEB-E864E6F25359}.Release|Any CPU.Build.0 = Release|Any CPU
		{3BF443E9-3DE1-4E9D-A167-72DC11AD7965}.Debug|Any CPU.ActiveCfg = Debug|Any CPU
		{3BF443E9-3DE1-4E9D-A167-72DC11AD7965}.Debug|Any CPU.Build.0 = Debug|Any CPU
		{3BF443E9-3DE1-4E9D-A167-72DC11AD7965}.Release|Any CPU.ActiveCfg = Release|Any CPU
		{3BF443E9-3DE1-4E9D-A167-72DC11AD7965}.Release|Any CPU.Build.0 = Release|Any CPU
	EndGlobalSection
	GlobalSection(SolutionProperties) = preSolution
		HideSolutionNode = FALSE
	EndGlobalSection
	GlobalSection(ExtensibilityGlobals) = postSolution
		SolutionGuid = {2F34881B-DAA4-4BA5-8E14-0B9FE94E2C3F}
	EndGlobalSection
EndGlobal
